
Microsoft Visual Studio Solution File, Format Version 12.00
# Visual Studio Version 16
VisualStudioVersion = 16.0.31229.75
MinimumVisualStudioVersion = 10.0.40219.1
Project("{9A19103F-16F7-4668-BE54-9A1E7A4F7556}") = "LINQ_Demo", "LINQ_Demo\LINQ_Demo.csproj", "{EC36C4D3-22D4-4A01-B131-E38FC988EBE2}"
EndProject
Project("{9A19103F-16F7-4668-BE54-9A1E7A4F7556}") = "LINQ_Demo2", "LINQ_Demo2\LINQ_Demo2.csproj", "{27FE0F81-C4CE-4109-AE27-4F22505D725A}"
EndProject
Project("{9A19103F-16F7-4668-BE54-9A1E7A4F7556}") = "LINQ_Select_DEMO", "LINQ_DEMO3\LINQ_Select_DEMO.csproj", "{8A561608-282F-49BE-A9B0-246EF3DAB01F}"
EndProject
Project("{9A19103F-16F7-4668-BE54-9A1E7A4F7556}") = "LINQ_SelectMany_Demo", "ConsoleApp1\LINQ_SelectMany_Demo.csproj", "{2D40CFE9-D1FB-4F50-80EC-F1CDFCBA56FE}"
EndProject
Project("{9A19103F-16F7-4668-BE54-9A1E7A4F7556}") = "LINQ_OfType", "LINQ_OfType\LINQ_OfType.csproj", "{0DA415FB-A348-450B-9BDD-CF883E8CE4DB}"
EndProject
Project("{9A19103F-16F7-4668-BE54-9A1E7A4F7556}") = "LINQ_OrderBy", "LINQ_OrderBy\LINQ_OrderBy.csproj", "{1DCC028F-6F4F-46C2-B2B7-7E6012E7B61D}"
EndProject
Project("{9A19103F-16F7-4668-BE54-9A1E7A4F7556}") = "OrderByDecending", "OrderByDecending\OrderByDecending.csproj", "{C71B5B5A-2BA3-473E-8967-4A2389724E10}"
EndProject
Project("{9A19103F-16F7-4668-BE54-9A1E7A4F7556}") = "LINQ_ThenBy", "LINQ_ThenBy\LINQ_ThenBy.csproj", "{9A3392E8-0FCE-45F4-AA17-A7E3B993C113}"
EndProject
Project("{9A19103F-16F7-4668-BE54-9A1E7A4F7556}") = "LINQ_Reverse", "LINQ_Reverse\LINQ_Reverse.csproj", "{F2200F3B-8B0C-4081-B5F3-4338DFA9983F}"
EndProject
Project("{9A19103F-16F7-4668-BE54-9A1E7A4F7556}") = "LINQ_AllOperation", "LINQ_AllOperation\LINQ_AllOperation.csproj", "{5C2341B8-13DE-4A82-9E64-F121076B7452}"
EndProject
Project("{9A19103F-16F7-4668-BE54-9A1E7A4F7556}") = "LINQ_AnyOperation", "LINQ_AnyOperation\LINQ_AnyOperation.csproj", "{9C1C1EAA-285D-4260-832A-B732161E713F}"
EndProject
Project("{9A19103F-16F7-4668-BE54-9A1E7A4F7556}") = "LINQ_Contains", "LINQ_Contains\LINQ_Contains.csproj", "{8DC259D4-6181-495D-81D4-C0A8DB446DA9}"
EndProject
Project("{9A19103F-16F7-4668-BE54-9A1E7A4F7556}") = "LINQ_Distinct", "LINQ_Distinct\LINQ_Distinct.csproj", "{97DEB41D-3BEB-4668-A075-6FC06336BBAB}"
EndProject
Project("{9A19103F-16F7-4668-BE54-9A1E7A4F7556}") = "LINQ_Except", "LINQ_Except\LINQ_Except.csproj", "{98A2A5E1-DC94-4193-8AA0-899D057CC95F}"
EndProject
Project("{9A19103F-16F7-4668-BE54-9A1E7A4F7556}") = "LINQ_Interset", "ConsoleApp2\LINQ_Interset.csproj", "{C3DE58FF-39FC-49CD-824F-836679596415}"
EndProject
Project("{9A19103F-16F7-4668-BE54-9A1E7A4F7556}") = "LINQ_Union", "LINQ_Union\LINQ_Union.csproj", "{09089FA7-B4FE-4ED2-A919-B62C8D2C4383}"
EndProject
Project("{9A19103F-16F7-4668-BE54-9A1E7A4F7556}") = "LINQ_Take", "LINQ_Take\LINQ_Take.csproj", "{3699B534-93FB-477A-8421-F6279B8B658B}"
EndProject
Project("{9A19103F-16F7-4668-BE54-9A1E7A4F7556}") = "LINQ_Skip", "LINQ_Skip\LINQ_Skip.csproj", "{1F36848F-E478-4DAF-88AB-C495A83481DF}"
EndProject
Project("{9A19103F-16F7-4668-BE54-9A1E7A4F7556}") = "LINQ_Paging", "LINQ_Paging\LINQ_Paging.csproj", "{4D5739F7-039F-490F-8337-CA3CCC55453E}"
EndProject
Project("{9A19103F-16F7-4668-BE54-9A1E7A4F7556}") = "LINQ_Join", "LINQ_Join\LINQ_Join.csproj", "{7C998C6B-0C23-4FA5-804C-E88942BE2D08}"
EndProject
Project("{9A19103F-16F7-4668-BE54-9A1E7A4F7556}") = "LINQ_GroupJoin", "LINQ_GroupJoin\LINQ_GroupJoin.csproj", "{D752C0F1-BBE2-4D12-9436-31AEF2B33C69}"
EndProject
Project("{FAE04EC0-301F-11D3-BF4B-00C04F79EFBC}") = "LINQ_LeftJoin", "LINQ_LeftJoin\LINQ_LeftJoin.csproj", "{D469AABD-6342-453C-A759-A88E3380D304}"
EndProject
Project("{FAE04EC0-301F-11D3-BF4B-00C04F79EFBC}") = "LINQ_ElementOperation", "LINQ_ElementOperation\LINQ_ElementOperation.csproj", "{4377216B-71A2-41FA-8954-0DC3C3A8511C}"
EndProject
Global
	GlobalSection(SolutionConfigurationPlatforms) = preSolution
		Debug|Any CPU = Debug|Any CPU
		Release|Any CPU = Release|Any CPU
	EndGlobalSection
	GlobalSection(ProjectConfigurationPlatforms) = postSolution
		{EC36C4D3-22D4-4A01-B131-E38FC988EBE2}.Debug|Any CPU.ActiveCfg = Debug|Any CPU
		{EC36C4D3-22D4-4A01-B131-E38FC988EBE2}.Debug|Any CPU.Build.0 = Debug|Any CPU
		{EC36C4D3-22D4-4A01-B131-E38FC988EBE2}.Release|Any CPU.ActiveCfg = Release|Any CPU
		{EC36C4D3-22D4-4A01-B131-E38FC988EBE2}.Release|Any CPU.Build.0 = Release|Any CPU
		{27FE0F81-C4CE-4109-AE27-4F22505D725A}.Debug|Any CPU.ActiveCfg = Debug|Any CPU
		{27FE0F81-C4CE-4109-AE27-4F22505D725A}.Debug|Any CPU.Build.0 = Debug|Any CPU
		{27FE0F81-C4CE-4109-AE27-4F22505D725A}.Release|Any CPU.ActiveCfg = Release|Any CPU
		{27FE0F81-C4CE-4109-AE27-4F22505D725A}.Release|Any CPU.Build.0 = Release|Any CPU
		{8A561608-282F-49BE-A9B0-246EF3DAB01F}.Debug|Any CPU.ActiveCfg = Debug|Any CPU
		{8A561608-282F-49BE-A9B0-246EF3DAB01F}.Debug|Any CPU.Build.0 = Debug|Any CPU
		{8A561608-282F-49BE-A9B0-246EF3DAB01F}.Release|Any CPU.ActiveCfg = Release|Any CPU
		{8A561608-282F-49BE-A9B0-246EF3DAB01F}.Release|Any CPU.Build.0 = Release|Any CPU
		{2D40CFE9-D1FB-4F50-80EC-F1CDFCBA56FE}.Debug|Any CPU.ActiveCfg = Debug|Any CPU
		{2D40CFE9-D1FB-4F50-80EC-F1CDFCBA56FE}.Debug|Any CPU.Build.0 = Debug|Any CPU
		{2D40CFE9-D1FB-4F50-80EC-F1CDFCBA56FE}.Release|Any CPU.ActiveCfg = Release|Any CPU
		{2D40CFE9-D1FB-4F50-80EC-F1CDFCBA56FE}.Release|Any CPU.Build.0 = Release|Any CPU
		{0DA415FB-A348-450B-9BDD-CF883E8CE4DB}.Debug|Any CPU.ActiveCfg = Debug|Any CPU
		{0DA415FB-A348-450B-9BDD-CF883E8CE4DB}.Debug|Any CPU.Build.0 = Debug|Any CPU
		{0DA415FB-A348-450B-9BDD-CF883E8CE4DB}.Release|Any CPU.ActiveCfg = Release|Any CPU
		{0DA415FB-A348-450B-9BDD-CF883E8CE4DB}.Release|Any CPU.Build.0 = Release|Any CPU
		{1DCC028F-6F4F-46C2-B2B7-7E6012E7B61D}.Debug|Any CPU.ActiveCfg = Debug|Any CPU
		{1DCC028F-6F4F-46C2-B2B7-7E6012E7B61D}.Debug|Any CPU.Build.0 = Debug|Any CPU
		{1DCC028F-6F4F-46C2-B2B7-7E6012E7B61D}.Release|Any CPU.ActiveCfg = Release|Any CPU
		{1DCC028F-6F4F-46C2-B2B7-7E6012E7B61D}.Release|Any CPU.Build.0 = Release|Any CPU
		{C71B5B5A-2BA3-473E-8967-4A2389724E10}.Debug|Any CPU.ActiveCfg = Debug|Any CPU
		{C71B5B5A-2BA3-473E-8967-4A2389724E10}.Debug|Any CPU.Build.0 = Debug|Any CPU
		{C71B5B5A-2BA3-473E-8967-4A2389724E10}.Release|Any CPU.ActiveCfg = Release|Any CPU
		{C71B5B5A-2BA3-473E-8967-4A2389724E10}.Release|Any CPU.Build.0 = Release|Any CPU
		{9A3392E8-0FCE-45F4-AA17-A7E3B993C113}.Debug|Any CPU.ActiveCfg = Debug|Any CPU
		{9A3392E8-0FCE-45F4-AA17-A7E3B993C113}.Debug|Any CPU.Build.0 = Debug|Any CPU
		{9A3392E8-0FCE-45F4-AA17-A7E3B993C113}.Release|Any CPU.ActiveCfg = Release|Any CPU
		{9A3392E8-0FCE-45F4-AA17-A7E3B993C113}.Release|Any CPU.Build.0 = Release|Any CPU
		{F2200F3B-8B0C-4081-B5F3-4338DFA9983F}.Debug|Any CPU.ActiveCfg = Debug|Any CPU
		{F2200F3B-8B0C-4081-B5F3-4338DFA9983F}.Debug|Any CPU.Build.0 = Debug|Any CPU
		{F2200F3B-8B0C-4081-B5F3-4338DFA9983F}.Release|Any CPU.ActiveCfg = Release|Any CPU
		{F2200F3B-8B0C-4081-B5F3-4338DFA9983F}.Release|Any CPU.Build.0 = Release|Any CPU
		{5C2341B8-13DE-4A82-9E64-F121076B7452}.Debug|Any CPU.ActiveCfg = Debug|Any CPU
		{5C2341B8-13DE-4A82-9E64-F121076B7452}.Debug|Any CPU.Build.0 = Debug|Any CPU
		{5C2341B8-13DE-4A82-9E64-F121076B7452}.Release|Any CPU.ActiveCfg = Release|Any CPU
		{5C2341B8-13DE-4A82-9E64-F121076B7452}.Release|Any CPU.Build.0 = Release|Any CPU
		{9C1C1EAA-285D-4260-832A-B732161E713F}.Debug|Any CPU.ActiveCfg = Debug|Any CPU
		{9C1C1EAA-285D-4260-832A-B732161E713F}.Debug|Any CPU.Build.0 = Debug|Any CPU
		{9C1C1EAA-285D-4260-832A-B732161E713F}.Release|Any CPU.ActiveCfg = Release|Any CPU
		{9C1C1EAA-285D-4260-832A-B732161E713F}.Release|Any CPU.Build.0 = Release|Any CPU
		{8DC259D4-6181-495D-81D4-C0A8DB446DA9}.Debug|Any CPU.ActiveCfg = Debug|Any CPU
		{8DC259D4-6181-495D-81D4-C0A8DB446DA9}.Debug|Any CPU.Build.0 = Debug|Any CPU
		{8DC259D4-6181-495D-81D4-C0A8DB446DA9}.Release|Any CPU.ActiveCfg = Release|Any CPU
		{8DC259D4-6181-495D-81D4-C0A8DB446DA9}.Release|Any CPU.Build.0 = Release|Any CPU
		{97DEB41D-3BEB-4668-A075-6FC06336BBAB}.Debug|Any CPU.ActiveCfg = Debug|Any CPU
		{97DEB41D-3BEB-4668-A075-6FC06336BBAB}.Debug|Any CPU.Build.0 = Debug|Any CPU
		{97DEB41D-3BEB-4668-A075-6FC06336BBAB}.Release|Any CPU.ActiveCfg = Release|Any CPU
		{97DEB41D-3BEB-4668-A075-6FC06336BBAB}.Release|Any CPU.Build.0 = Release|Any CPU
		{98A2A5E1-DC94-4193-8AA0-899D057CC95F}.Debug|Any CPU.ActiveCfg = Debug|Any CPU
		{98A2A5E1-DC94-4193-8AA0-899D057CC95F}.Debug|Any CPU.Build.0 = Debug|Any CPU
		{98A2A5E1-DC94-4193-8AA0-899D057CC95F}.Release|Any CPU.ActiveCfg = Release|Any CPU
		{98A2A5E1-DC94-4193-8AA0-899D057CC95F}.Release|Any CPU.Build.0 = Release|Any CPU
		{C3DE58FF-39FC-49CD-824F-836679596415}.Debug|Any CPU.ActiveCfg = Debug|Any CPU
		{C3DE58FF-39FC-49CD-824F-836679596415}.Debug|Any CPU.Build.0 = Debug|Any CPU
		{C3DE58FF-39FC-49CD-824F-836679596415}.Release|Any CPU.ActiveCfg = Release|Any CPU
		{C3DE58FF-39FC-49CD-824F-836679596415}.Release|Any CPU.Build.0 = Release|Any CPU
		{09089FA7-B4FE-4ED2-A919-B62C8D2C4383}.Debug|Any CPU.ActiveCfg = Debug|Any CPU
		{09089FA7-B4FE-4ED2-A919-B62C8D2C4383}.Debug|Any CPU.Build.0 = Debug|Any CPU
		{09089FA7-B4FE-4ED2-A919-B62C8D2C4383}.Release|Any CPU.ActiveCfg = Release|Any CPU
		{09089FA7-B4FE-4ED2-A919-B62C8D2C4383}.Release|Any CPU.Build.0 = Release|Any CPU
		{3699B534-93FB-477A-8421-F6279B8B658B}.Debug|Any CPU.ActiveCfg = Debug|Any CPU
		{3699B534-93FB-477A-8421-F6279B8B658B}.Debug|Any CPU.Build.0 = Debug|Any CPU
		{3699B534-93FB-477A-8421-F6279B8B658B}.Release|Any CPU.ActiveCfg = Release|Any CPU
		{3699B534-93FB-477A-8421-F6279B8B658B}.Release|Any CPU.Build.0 = Release|Any CPU
		{1F36848F-E478-4DAF-88AB-C495A83481DF}.Debug|Any CPU.ActiveCfg = Debug|Any CPU
		{1F36848F-E478-4DAF-88AB-C495A83481DF}.Debug|Any CPU.Build.0 = Debug|Any CPU
		{1F36848F-E478-4DAF-88AB-C495A83481DF}.Release|Any CPU.ActiveCfg = Release|Any CPU
		{1F36848F-E478-4DAF-88AB-C495A83481DF}.Release|Any CPU.Build.0 = Release|Any CPU
		{4D5739F7-039F-490F-8337-CA3CCC55453E}.Debug|Any CPU.ActiveCfg = Debug|Any CPU
		{4D5739F7-039F-490F-8337-CA3CCC55453E}.Debug|Any CPU.Build.0 = Debug|Any CPU
		{4D5739F7-039F-490F-8337-CA3CCC55453E}.Release|Any CPU.ActiveCfg = Release|Any CPU
		{4D5739F7-039F-490F-8337-CA3CCC55453E}.Release|Any CPU.Build.0 = Release|Any CPU
		{7C998C6B-0C23-4FA5-804C-E88942BE2D08}.Debug|Any CPU.ActiveCfg = Debug|Any CPU
		{7C998C6B-0C23-4FA5-804C-E88942BE2D08}.Debug|Any CPU.Build.0 = Debug|Any CPU
		{7C998C6B-0C23-4FA5-804C-E88942BE2D08}.Release|Any CPU.ActiveCfg = Release|Any CPU
		{7C998C6B-0C23-4FA5-804C-E88942BE2D08}.Release|Any CPU.Build.0 = Release|Any CPU
		{D752C0F1-BBE2-4D12-9436-31AEF2B33C69}.Debug|Any CPU.ActiveCfg = Debug|Any CPU
		{D752C0F1-BBE2-4D12-9436-31AEF2B33C69}.Debug|Any CPU.Build.0 = Debug|Any CPU
		{D752C0F1-BBE2-4D12-9436-31AEF2B33C69}.Release|Any CPU.ActiveCfg = Release|Any CPU
		{D752C0F1-BBE2-4D12-9436-31AEF2B33C69}.Release|Any CPU.Build.0 = Release|Any CPU
		{D469AABD-6342-453C-A759-A88E3380D304}.Debug|Any CPU.ActiveCfg = Debug|Any CPU
		{D469AABD-6342-453C-A759-A88E3380D304}.Debug|Any CPU.Build.0 = Debug|Any CPU
		{D469AABD-6342-453C-A759-A88E3380D304}.Release|Any CPU.ActiveCfg = Release|Any CPU
		{D469AABD-6342-453C-A759-A88E3380D304}.Release|Any CPU.Build.0 = Release|Any CPU
		{4377216B-71A2-41FA-8954-0DC3C3A8511C}.Debug|Any CPU.ActiveCfg = Debug|Any CPU
		{4377216B-71A2-41FA-8954-0DC3C3A8511C}.Debug|Any CPU.Build.0 = Debug|Any CPU
		{4377216B-71A2-41FA-8954-0DC3C3A8511C}.Release|Any CPU.ActiveCfg = Release|Any CPU
		{4377216B-71A2-41FA-8954-0DC3C3A8511C}.Release|Any CPU.Build.0 = Release|Any CPU
	EndGlobalSection
	GlobalSection(SolutionProperties) = preSolution
		HideSolutionNode = FALSE
	EndGlobalSection
	GlobalSection(ExtensibilityGlobals) = postSolution
		SolutionGuid = {BB76E05C-1E66-4B70-9B40-66F8544DB6AE}
	EndGlobalSection
EndGlobal
